{
  "version": 4,
  "terraform_version": "1.9.8",
  "serial": 3,
  "lineage": "a1b2c3d4-e5f6-7890-abcd-ef1234567890",
  "outputs": {},
  "resources": [
    {
      "mode": "managed",
      "type": "aws_s3_bucket",
      "name": "app_bucket_E3A1B2C4",
      "provider": "provider[\"registry.terraform.io/hashicorp/aws\"]",
      "instances": [
        {
          "schema_version": 0,
          "attributes": {
            "id": "my-cdktf-app-bucket-prod",
            "bucket": "my-cdktf-app-bucket-prod",
            "bucket_prefix": null,
            "force_destroy": false,
            "tags": {
              "cdktf:tf-construct-id": "AppBucket",
              "cdktf:tf-resource-address": "aws_s3_bucket.app_bucket_E3A1B2C4",
              "managed-by": "cdktf",
              "environment": "production"
            },
            "region": "eu-central-1",
            "arn": "arn:aws:s3:::my-cdktf-app-bucket-prod"
          },
          "sensitive_attributes": [],
          "private": "eyJlMmJmYjMwMC1lODUwLTRlNTctOGYyNC0wNzZiNzM3ZWMxMjh9"
        }
      ]
    },
    {
      "mode": "managed",
      "type": "aws_s3_bucket_versioning",
      "name": "app_bucket_versioning_F4D2E1B3",
      "provider": "provider[\"registry.terraform.io/hashicorp/aws\"]",
      "instances": [
        {
          "schema_version": 0,
          "attributes": {
            "bucket": "my-cdktf-app-bucket-prod",
            "versioning_configuration": [
              {
                "mfa_delete": "Disabled",
                "status": "Enabled"
              }
            ]
          },
          "sensitive_attributes": [],
          "dependencies": [
            "aws_s3_bucket.app_bucket_E3A1B2C4"
          ]
        }
      ]
    }
  ]
}
